
Microsoft Visual Studio Solution File, Format Version 12.00
# Visual Studio 15
VisualStudioVersion = 15.0.28010.2003
MinimumVisualStudioVersion = 10.0.40219.1
Project("{FAE04EC0-301F-11D3-BF4B-00C04F79EFBC}") = "WeatherServiceForm", "WeatherServiceForm.csproj", "{425A6C90-84AE-467A-8D9F-EA9157BEEACF}"
EndProject
Global
	GlobalSection(SolutionConfigurationPlatforms) = preSolution
		Debug|Any CPU = Debug|Any CPU
		Release|Any CPU = Release|Any CPU
	EndGlobalSection
	GlobalSection(ProjectConfigurationPlatforms) = postSolution
		{425A6C90-84AE-467A-8D9F-EA9157BEEACF}.Debug|Any CPU.ActiveCfg = Debug|Any CPU
		{425A6C90-84AE-467A-8D9F-EA9157BEEACF}.Debug|Any CPU.Build.0 = Debug|Any CPU
		{425A6C90-84AE-467A-8D9F-EA9157BEEACF}.Release|Any CPU.ActiveCfg = Release|Any CPU
		{425A6C90-84AE-467A-8D9F-EA9157BEEACF}.Release|Any CPU.Build.0 = Release|Any CPU
	EndGlobalSection
	GlobalSection(SolutionProperties) = preSolution
		HideSolutionNode = FALSE
	EndGlobalSection
	GlobalSection(ExtensibilityGlobals) = postSolution
		SolutionGuid = {E8675C51-F0E8-41C3-895D-D69F602740B5}
	EndGlobalSection
EndGlobal
